
Microsoft Visual Studio Solution File, Format Version 12.00
# Visual Studio 15
VisualStudioVersion = 15.0.27703.2026
MinimumVisualStudioVersion = 10.0.40219.1
Project("{FAE04EC0-301F-11D3-BF4B-00C04F79EFBC}") = "AspNetCore.Docker.API", "AspNetCore.Docker.API\AspNetCore.Docker.API.csproj", "{554FB94F-77DB-4FB0-84B5-86E89A9EFDBF}"
EndProject
Project("{E53339B2-1760-4266-BCC7-CA923CBCF16C}") = "docker-compose", "docker-compose.dcproj", "{8B29DE56-C6CC-48D6-91D6-689CE88DB8D2}"
EndProject
Global
	GlobalSection(SolutionConfigurationPlatforms) = preSolution
		Debug|Any CPU = Debug|Any CPU
		Release|Any CPU = Release|Any CPU
	EndGlobalSection
	GlobalSection(ProjectConfigurationPlatforms) = postSolution
		{554FB94F-77DB-4FB0-84B5-86E89A9EFDBF}.Debug|Any CPU.ActiveCfg = Debug|Any CPU
		{554FB94F-77DB-4FB0-84B5-86E89A9EFDBF}.Debug|Any CPU.Build.0 = Debug|Any CPU
		{554FB94F-77DB-4FB0-84B5-86E89A9EFDBF}.Release|Any CPU.ActiveCfg = Release|Any CPU
		{554FB94F-77DB-4FB0-84B5-86E89A9EFDBF}.Release|Any CPU.Build.0 = Release|Any CPU
		{8B29DE56-C6CC-48D6-91D6-689CE88DB8D2}.Debug|Any CPU.ActiveCfg = Debug|Any CPU
		{8B29DE56-C6CC-48D6-91D6-689CE88DB8D2}.Debug|Any CPU.Build.0 = Debug|Any CPU
		{8B29DE56-C6CC-48D6-91D6-689CE88DB8D2}.Release|Any CPU.ActiveCfg = Release|Any CPU
		{8B29DE56-C6CC-48D6-91D6-689CE88DB8D2}.Release|Any CPU.Build.0 = Release|Any CPU
	EndGlobalSection
	GlobalSection(SolutionProperties) = preSolution
		HideSolutionNode = FALSE
	EndGlobalSection
	GlobalSection(ExtensibilityGlobals) = postSolution
		SolutionGuid = {CDA8DF71-5D80-4464-AC06-F514DF3F079D}
	EndGlobalSection
EndGlobal
